
Microsoft Visual Studio Solution File, Format Version 12.00
# Visual Studio Version 17
VisualStudioVersion = 17.5.33627.172
MinimumVisualStudioVersion = 10.0.40219.1
Project("{FAE04EC0-301F-11D3-BF4B-00C04F79EFBC}") = "programafines.ar", "programafines.ar\programafines.ar.csproj", "{8954CFBD-43F5-4F49-8DA1-1F55681A358B}"
EndProject
Project("{9A19103F-16F7-4668-BE54-9A1E7A4F7556}") = "SqlOrganizeMy", "..\SqlOrganize\SqlOrganizeMy\SqlOrganizeMy.csproj", "{6652C34E-33BC-436D-A5E6-97576BA998E4}"
EndProject
Project("{9A19103F-16F7-4668-BE54-9A1E7A4F7556}") = "WpfAppMy", "..\SqlOrganize\WpfAppMy\WpfAppMy.csproj", "{206B7442-CFDD-42A8-AEE4-6D1007722446}"
EndProject
Global
	GlobalSection(SolutionConfigurationPlatforms) = preSolution
		Debug|Any CPU = Debug|Any CPU
		Release|Any CPU = Release|Any CPU
	EndGlobalSection
	GlobalSection(ProjectConfigurationPlatforms) = postSolution
		{8954CFBD-43F5-4F49-8DA1-1F55681A358B}.Debug|Any CPU.ActiveCfg = Debug|Any CPU
		{8954CFBD-43F5-4F49-8DA1-1F55681A358B}.Debug|Any CPU.Build.0 = Debug|Any CPU
		{8954CFBD-43F5-4F49-8DA1-1F55681A358B}.Release|Any CPU.ActiveCfg = Release|Any CPU
		{8954CFBD-43F5-4F49-8DA1-1F55681A358B}.Release|Any CPU.Build.0 = Release|Any CPU
		{6652C34E-33BC-436D-A5E6-97576BA998E4}.Debug|Any CPU.ActiveCfg = Debug|Any CPU
		{6652C34E-33BC-436D-A5E6-97576BA998E4}.Debug|Any CPU.Build.0 = Debug|Any CPU
		{6652C34E-33BC-436D-A5E6-97576BA998E4}.Release|Any CPU.ActiveCfg = Release|Any CPU
		{6652C34E-33BC-436D-A5E6-97576BA998E4}.Release|Any CPU.Build.0 = Release|Any CPU
		{206B7442-CFDD-42A8-AEE4-6D1007722446}.Debug|Any CPU.ActiveCfg = Debug|Any CPU
		{206B7442-CFDD-42A8-AEE4-6D1007722446}.Debug|Any CPU.Build.0 = Debug|Any CPU
		{206B7442-CFDD-42A8-AEE4-6D1007722446}.Release|Any CPU.ActiveCfg = Release|Any CPU
		{206B7442-CFDD-42A8-AEE4-6D1007722446}.Release|Any CPU.Build.0 = Release|Any CPU
	EndGlobalSection
	GlobalSection(SolutionProperties) = preSolution
		HideSolutionNode = FALSE
	EndGlobalSection
	GlobalSection(ExtensibilityGlobals) = postSolution
		SolutionGuid = {7C31E242-8EAA-4D0B-980D-D298BE534E06}
	EndGlobalSection
EndGlobal
